
Microsoft Visual Studio Solution File, Format Version 12.00
# Visual Studio Version 16
VisualStudioVersion = 16.0.28803.452
MinimumVisualStudioVersion = 10.0.40219.1
Project("{9A19103F-16F7-4668-BE54-9A1E7A4F7556}") = "1", "ConsoleApp3\1.csproj", "{A7E5F493-97DE-486B-BA2E-D1B26262AE6A}"
EndProject
Project("{2150E333-8FDC-42A3-9474-1A3956D46DE8}") = "Solution Items", "Solution Items", "{CFB60E76-35B4-4A50-B8FC-7CAFA8D25393}"
EndProject
Global
	GlobalSection(SolutionConfigurationPlatforms) = preSolution
		Debug|Any CPU = Debug|Any CPU
		Release|Any CPU = Release|Any CPU
	EndGlobalSection
	GlobalSection(ProjectConfigurationPlatforms) = postSolution
		{A7E5F493-97DE-486B-BA2E-D1B26262AE6A}.Debug|Any CPU.ActiveCfg = Debug|Any CPU
		{A7E5F493-97DE-486B-BA2E-D1B26262AE6A}.Debug|Any CPU.Build.0 = Debug|Any CPU
		{A7E5F493-97DE-486B-BA2E-D1B26262AE6A}.Release|Any CPU.ActiveCfg = Release|Any CPU
		{A7E5F493-97DE-486B-BA2E-D1B26262AE6A}.Release|Any CPU.Build.0 = Release|Any CPU
	EndGlobalSection
	GlobalSection(SolutionProperties) = preSolution
		HideSolutionNode = FALSE
	EndGlobalSection
	GlobalSection(ExtensibilityGlobals) = postSolution
		SolutionGuid = {B1FAB8C0-A9BC-4050-A56A-98E889CB84DC}
	EndGlobalSection
EndGlobal
